
Microsoft Visual Studio Solution File, Format Version 12.00
# Visual Studio 15
VisualStudioVersion = 15.0.27130.2027
MinimumVisualStudioVersion = 10.0.40219.1
Project("{FAE04EC0-301F-11D3-BF4B-00C04F79EFBC}") = "GPOS", "GPOS\GPOS.csproj", "{5E7754F6-2664-4122-AD9C-C84F61EFD92B}"
EndProject
Project("{FAE04EC0-301F-11D3-BF4B-00C04F79EFBC}") = "GPOSDAL", "GPOSDAL\GPOSDAL.csproj", "{A3E1DC7A-F976-40FC-9405-BA89335CC325}"
EndProject
Global
	GlobalSection(SolutionConfigurationPlatforms) = preSolution
		Debug|Any CPU = Debug|Any CPU
		Release|Any CPU = Release|Any CPU
	EndGlobalSection
	GlobalSection(ProjectConfigurationPlatforms) = postSolution
		{5E7754F6-2664-4122-AD9C-C84F61EFD92B}.Debug|Any CPU.ActiveCfg = Debug|Any CPU
		{5E7754F6-2664-4122-AD9C-C84F61EFD92B}.Debug|Any CPU.Build.0 = Debug|Any CPU
		{5E7754F6-2664-4122-AD9C-C84F61EFD92B}.Release|Any CPU.ActiveCfg = Release|Any CPU
		{5E7754F6-2664-4122-AD9C-C84F61EFD92B}.Release|Any CPU.Build.0 = Release|Any CPU
		{A3E1DC7A-F976-40FC-9405-BA89335CC325}.Debug|Any CPU.ActiveCfg = Debug|Any CPU
		{A3E1DC7A-F976-40FC-9405-BA89335CC325}.Debug|Any CPU.Build.0 = Debug|Any CPU
		{A3E1DC7A-F976-40FC-9405-BA89335CC325}.Release|Any CPU.ActiveCfg = Release|Any CPU
		{A3E1DC7A-F976-40FC-9405-BA89335CC325}.Release|Any CPU.Build.0 = Release|Any CPU
	EndGlobalSection
	GlobalSection(SolutionProperties) = preSolution
		HideSolutionNode = FALSE
	EndGlobalSection
	GlobalSection(ExtensibilityGlobals) = postSolution
		SolutionGuid = {CDBDD8F9-5AE1-431B-88F0-242D1F4D484D}
	EndGlobalSection
EndGlobal
